
Microsoft Visual Studio Solution File, Format Version 12.00
# Visual Studio Version 16
VisualStudioVersion = 16.0.31911.196
MinimumVisualStudioVersion = 10.0.40219.1
Project("{2150E333-8FDC-42A3-9474-1A3956D46DE8}") = "Domain", "Domain", "{1093DB94-476E-4835-8DDB-49F0DFE5909A}"
EndProject
Project("{2150E333-8FDC-42A3-9474-1A3956D46DE8}") = "Infrastructure.Data", "Infrastructure.Data", "{5767E5A7-B8E2-4369-81BF-7A357EAB31F3}"
EndProject
Project("{2150E333-8FDC-42A3-9474-1A3956D46DE8}") = "Business.Logic", "Business.Logic", "{A4EDAE4E-53FF-4E66-B866-FB00D5ADDC5E}"
EndProject
Project("{2150E333-8FDC-42A3-9474-1A3956D46DE8}") = "Presentation", "Presentation", "{44649081-DAE9-4127-B774-43EAE1830A23}"
EndProject
Project("{2150E333-8FDC-42A3-9474-1A3956D46DE8}") = "Infrastructure", "Infrastructure", "{0C316582-53CE-44E6-9432-98F453136487}"
EndProject
Project("{FAE04EC0-301F-11D3-BF4B-00C04F79EFBC}") = "SaiERP_API", "SaiERP_Presentation\SaiERP_API.csproj", "{4B59CAE6-BD32-4C41-899C-4C0175A61F72}"
EndProject
Project("{FAE04EC0-301F-11D3-BF4B-00C04F79EFBC}") = "Lib.Business.Logic", "Lib.Business.Logic\Lib.Business.Logic.csproj", "{3571026D-4F04-4717-A23E-E4AB541E8C1E}"
EndProject
Global
	GlobalSection(SolutionConfigurationPlatforms) = preSolution
		Debug|Any CPU = Debug|Any CPU
		Release|Any CPU = Release|Any CPU
	EndGlobalSection
	GlobalSection(ProjectConfigurationPlatforms) = postSolution
		{4B59CAE6-BD32-4C41-899C-4C0175A61F72}.Debug|Any CPU.ActiveCfg = Debug|Any CPU
		{4B59CAE6-BD32-4C41-899C-4C0175A61F72}.Debug|Any CPU.Build.0 = Debug|Any CPU
		{4B59CAE6-BD32-4C41-899C-4C0175A61F72}.Release|Any CPU.ActiveCfg = Release|Any CPU
		{4B59CAE6-BD32-4C41-899C-4C0175A61F72}.Release|Any CPU.Build.0 = Release|Any CPU
		{3571026D-4F04-4717-A23E-E4AB541E8C1E}.Debug|Any CPU.ActiveCfg = Debug|Any CPU
		{3571026D-4F04-4717-A23E-E4AB541E8C1E}.Debug|Any CPU.Build.0 = Debug|Any CPU
		{3571026D-4F04-4717-A23E-E4AB541E8C1E}.Release|Any CPU.ActiveCfg = Release|Any CPU
		{3571026D-4F04-4717-A23E-E4AB541E8C1E}.Release|Any CPU.Build.0 = Release|Any CPU
	EndGlobalSection
	GlobalSection(SolutionProperties) = preSolution
		HideSolutionNode = FALSE
	EndGlobalSection
	GlobalSection(NestedProjects) = preSolution
		{4B59CAE6-BD32-4C41-899C-4C0175A61F72} = {44649081-DAE9-4127-B774-43EAE1830A23}
		{3571026D-4F04-4717-A23E-E4AB541E8C1E} = {A4EDAE4E-53FF-4E66-B866-FB00D5ADDC5E}
	EndGlobalSection
	GlobalSection(ExtensibilityGlobals) = postSolution
		SolutionGuid = {D6101889-E17B-4675-886F-7B38D1E740FE}
	EndGlobalSection
EndGlobal
